<?xml version="1.0" encoding="utf-8"?>
<Project ToolsVersion="4.0" xmlns="http://schemas.microsoft.com/developer/msbuild/2003">
  <ItemGroup>
    <Filter Include="Source Files">
      <UniqueIdentifier>{4FC737F1-C7A5-4376-A066-2A32D752A2FF}</UniqueIdentifier>
      <Extensions>cpp;c;cc;cxx;c++;cppm;ixx;def;odl;idl;hpj;bat;asm;asmx</Extensions>
    </Filter>
    <Filter Include="Header Files">
      <UniqueIdentifier>{93995380-89BD-4b04-88EB-625FBE52EBFB}</UniqueIdentifier>
      <Extensions>h;hh;hpp;hxx;h++;hm;inl;inc;ipp;xsd</Extensions>
    </Filter>
    <Filter Include="Resource Files">
      <UniqueIdentifier>{67DA6AB6-F800-4c08-8B7A-83BB121AAD01}</UniqueIdentifier>
      <Extensions>rc;ico;cur;bmp;dlg;rc2;rct;bin;rgs;gif;jpg;jpeg;jpe;resx;tiff;tif;png;wav;mfcribbon-ms</Extensions>
    </Filter>
  </ItemGroup>
  <ItemGroup>
    <ClInclude Include="IScene.h">
      <Filter>Header Files</Filter>
    </ClInclude>
    <ClInclude Include="IBackend.h">
      <Filter>Header Files</Filter>
    </ClInclude>
    <ClInclude Include="BackendPGE.h">
      <Filter>Header Files</Filter>
    </ClInclude>
    <ClInclude Include="BackendSDL2.h">
      <Filter>Header Files</Filter>
    </ClInclude>
    <ClInclude Include="IResourceManager.h">
      <Filter>Header Files</Filter>
    </ClInclude>
    <ClInclude Include="ResourceManagerPGE.h">
      <Filter>Header Files</Filter>
    </ClInclude>
    <ClInclude Include="ResourceManagerSDL2.h">
      <Filter>Header Files</Filter>
    </ClInclude>
    <ClInclude Include="SceneMenu.h">
      <Filter>Header Files</Filter>
    </ClInclude>
    <ClInclude Include="IRenderer.h">
      <Filter>Header Files</Filter>
    </ClInclude>
    <ClInclude Include="RendererPGE.h">
      <Filter>Header Files</Filter>
    </ClInclude>
    <ClInclude Include="RendererSDL2.h">
      <Filter>Header Files</Filter>
    </ClInclude>
    <ClInclude Include="RGB.h">
      <Filter>Header Files</Filter>
    </ClInclude>
    <ClInclude Include="VectorFont.h">
      <Filter>Header Files</Filter>
    </ClInclude>
    <ClInclude Include="Point2D.h">
      <Filter>Header Files</Filter>
    </ClInclude>
    <ClInclude Include="Star.h">
      <Filter>Header Files</Filter>
    </ClInclude>
    <ClInclude Include="KeyCodes.h">
      <Filter>Header Files</Filter>
    </ClInclude>
    <ClInclude Include="KeyCodesSDL2.h">
      <Filter>Header Files</Filter>
    </ClInclude>
    <ClInclude Include="KeyCodesPGE.h">
      <Filter>Header Files</Filter>
    </ClInclude>
    <ClInclude Include="Rect.h">
      <Filter>Header Files</Filter>
    </ClInclude>
    <ClInclude Include="IEntity.h">
      <Filter>Header Files</Filter>
    </ClInclude>
    <ClInclude Include="Rock.h">
      <Filter>Header Files</Filter>
    </ClInclude>
    <ClInclude Include="Shot.h">
      <Filter>Header Files</Filter>
    </ClInclude>
    <ClInclude Include="JoystickButton.h">
      <Filter>Header Files</Filter>
    </ClInclude>
    <ClInclude Include="SceneGame.h">
      <Filter>Header Files</Filter>
    </ClInclude>
    <ClInclude Include="MouseButton.h">
      <Filter>Header Files</Filter>
    </ClInclude>
    <ClInclude Include="Utility.h">
      <Filter>Header Files</Filter>
    </ClInclude>
    <ClInclude Include="Ship.h">
      <Filter>Header Files</Filter>
    </ClInclude>
    <ClInclude Include="Collision.h">
      <Filter>Header Files</Filter>
    </ClInclude>
    <ClInclude Include="Shared.h">
      <Filter>Header Files</Filter>
    </ClInclude>
    <ClInclude Include="IAudio.h">
      <Filter>Header Files</Filter>
    </ClInclude>
    <ClInclude Include="AudioPGE.h">
      <Filter>Header Files</Filter>
    </ClInclude>
    <ClInclude Include="AudioSDL2.h">
      <Filter>Header Files</Filter>
    </ClInclude>
    <ClInclude Include="SceneManager.h">
      <Filter>Header Files</Filter>
    </ClInclude>
    <ClInclude Include="Particle.h">
      <Filter>Header Files</Filter>
    </ClInclude>
    <ClInclude Include="GameAssets.h">
      <Filter>Header Files</Filter>
    </ClInclude>
    <ClInclude Include="SceneHighScoreEntry.h">
      <Filter>Header Files</Filter>
    </ClInclude>
    <ClInclude Include="Configuration.h">
      <Filter>Header Files</Filter>
    </ClInclude>
    <ClInclude Include="Version.h">
      <Filter>Header Files</Filter>
    </ClInclude>
    <ClInclude Include="SceneHighScoreList.h">
      <Filter>Header Files</Filter>
    </ClInclude>
    <ClInclude Include="UFO.h">
      <Filter>Header Files</Filter>
    </ClInclude>
    <ClInclude Include="IFont.h">
      <Filter>Header Files</Filter>
    </ClInclude>
  </ItemGroup>
  <ItemGroup>
    <ClCompile Include="IScene.cpp">
      <Filter>Source Files</Filter>
    </ClCompile>
    <ClCompile Include="IBackend.cpp">
      <Filter>Source Files</Filter>
    </ClCompile>
    <ClCompile Include="BackendPGE.cpp">
      <Filter>Source Files</Filter>
    </ClCompile>
    <ClCompile Include="BackendSDL2.cpp">
      <Filter>Source Files</Filter>
    </ClCompile>
    <ClCompile Include="IResourceManager.cpp">
      <Filter>Source Files</Filter>
    </ClCompile>
    <ClCompile Include="main.cpp">
      <Filter>Source Files</Filter>
    </ClCompile>
    <ClCompile Include="ResourceManagerPGE.cpp">
      <Filter>Source Files</Filter>
    </ClCompile>
    <ClCompile Include="ResourceManagerSDL2.cpp">
      <Filter>Source Files</Filter>
    </ClCompile>
    <ClCompile Include="SceneMenu.cpp">
      <Filter>Source Files</Filter>
    </ClCompile>
    <ClCompile Include="IRenderer.cpp">
      <Filter>Source Files</Filter>
    </ClCompile>
    <ClCompile Include="RendererPGE.cpp">
      <Filter>Source Files</Filter>
    </ClCompile>
    <ClCompile Include="RendererSDL2.cpp">
      <Filter>Source Files</Filter>
    </ClCompile>
    <ClCompile Include="RGB.cpp">
      <Filter>Source Files</Filter>
    </ClCompile>
    <ClCompile Include="VectorFont.cpp">
      <Filter>Source Files</Filter>
    </ClCompile>
    <ClCompile Include="Point2D.cpp">
      <Filter>Source Files</Filter>
    </ClCompile>
    <ClCompile Include="Star.cpp">
      <Filter>Source Files</Filter>
    </ClCompile>
    <ClCompile Include="KeyCodes.cpp">
      <Filter>Source Files</Filter>
    </ClCompile>
    <ClCompile Include="KeyCodesPGE.cpp">
      <Filter>Source Files</Filter>
    </ClCompile>
    <ClCompile Include="KeyCodesSDL2.cpp">
      <Filter>Source Files</Filter>
    </ClCompile>
    <ClCompile Include="IEntity.cpp">
      <Filter>Source Files</Filter>
    </ClCompile>
    <ClCompile Include="Rock.cpp">
      <Filter>Source Files</Filter>
    </ClCompile>
    <ClCompile Include="Shot.cpp">
      <Filter>Source Files</Filter>
    </ClCompile>
    <ClCompile Include="SceneGame.cpp">
      <Filter>Source Files</Filter>
    </ClCompile>
    <ClCompile Include="Ship.cpp">
      <Filter>Source Files</Filter>
    </ClCompile>
    <ClCompile Include="Collision.cpp">
      <Filter>Source Files</Filter>
    </ClCompile>
    <ClCompile Include="Shared.cpp">
      <Filter>Source Files</Filter>
    </ClCompile>
    <ClCompile Include="IAudio.cpp">
      <Filter>Source Files</Filter>
    </ClCompile>
    <ClCompile Include="AudioPGE.cpp">
      <Filter>Source Files</Filter>
    </ClCompile>
    <ClCompile Include="AudioSDL2.cpp">
      <Filter>Source Files</Filter>
    </ClCompile>
    <ClCompile Include="SceneManager.cpp">
      <Filter>Source Files</Filter>
    </ClCompile>
    <ClCompile Include="Particle.cpp">
      <Filter>Source Files</Filter>
    </ClCompile>
    <ClCompile Include="SceneHighScoreEntry.cpp">
      <Filter>Source Files</Filter>
    </ClCompile>
    <ClCompile Include="Configuration.cpp">
      <Filter>Source Files</Filter>
    </ClCompile>
    <ClCompile Include="SceneHighScoreList.cpp">
      <Filter>Source Files</Filter>
    </ClCompile>
    <ClCompile Include="UFO.cpp">
      <Filter>Source Files</Filter>
    </ClCompile>
  </ItemGroup>
</Project>